
Microsoft Visual Studio Solution File, Format Version 12.00
# Visual Studio 2015
Project("{FAE04EC0-301F-11D3-BF4B-00C04F79EFBC}") = "riverfrontParkVR_VRTK", "riverfrontParkVR_VRTK.csproj", "{DB662500-6E14-21C6-19C6-6C304A561021}"
EndProject
Project("{FAE04EC0-301F-11D3-BF4B-00C04F79EFBC}") = "riverfrontParkVR_VRTK.Editor", "riverfrontParkVR_VRTK.Editor.csproj", "{3ABEB9BC-4542-FA75-35F5-41B257CF6D57}"
EndProject
Global
	GlobalSection(SolutionConfigurationPlatforms) = preSolution
		Debug|Any CPU = Debug|Any CPU
		Release|Any CPU = Release|Any CPU
	EndGlobalSection
	GlobalSection(ProjectConfigurationPlatforms) = postSolution
		{DB662500-6E14-21C6-19C6-6C304A561021}.Debug|Any CPU.ActiveCfg = Debug|Any CPU
		{DB662500-6E14-21C6-19C6-6C304A561021}.Debug|Any CPU.Build.0 = Debug|Any CPU
		{DB662500-6E14-21C6-19C6-6C304A561021}.Release|Any CPU.ActiveCfg = Release|Any CPU
		{DB662500-6E14-21C6-19C6-6C304A561021}.Release|Any CPU.Build.0 = Release|Any CPU
		{3ABEB9BC-4542-FA75-35F5-41B257CF6D57}.Debug|Any CPU.ActiveCfg = Debug|Any CPU
		{3ABEB9BC-4542-FA75-35F5-41B257CF6D57}.Debug|Any CPU.Build.0 = Debug|Any CPU
		{3ABEB9BC-4542-FA75-35F5-41B257CF6D57}.Release|Any CPU.ActiveCfg = Release|Any CPU
		{3ABEB9BC-4542-FA75-35F5-41B257CF6D57}.Release|Any CPU.Build.0 = Release|Any CPU
	EndGlobalSection
	GlobalSection(SolutionProperties) = preSolution
		HideSolutionNode = FALSE
	EndGlobalSection
EndGlobal
